// !$*UTF8*$!
{
	archiveVersion = 1;
	classes = {
	};
	objectVersion = 48;
	objects = {

/* Begin PBXBuildFile section */
		290F6009209A8EFE00E355F3 /* EventData.swift in Sources */ = {isa = PBXBuildFile; fileRef = 290F6008209A8EFE00E355F3 /* EventData.swift */; };
		290F6039209BA34F00E355F3 /* Assets.xcassets in Resources */ = {isa = PBXBuildFile; fileRef = 290F6038209BA34F00E355F3 /* Assets.xcassets */; };
		29442FF420856B1F00D6A448 /* EventAddVC.swift in Sources */ = {isa = PBXBuildFile; fileRef = 29442FF320856B1F00D6A448 /* EventAddVC.swift */; };
		3F2F7D21207A9F95007CF2E5 /* AppDelegate.swift in Sources */ = {isa = PBXBuildFile; fileRef = 3F2F7D20207A9F95007CF2E5 /* AppDelegate.swift */; };
		3F2F7D23207A9F95007CF2E5 /* ViewController.swift in Sources */ = {isa = PBXBuildFile; fileRef = 3F2F7D22207A9F95007CF2E5 /* ViewController.swift */; };
		3F2F7D26207A9F95007CF2E5 /* Main.storyboard in Resources */ = {isa = PBXBuildFile; fileRef = 3F2F7D24207A9F95007CF2E5 /* Main.storyboard */; };
		3F2F7D2B207A9F95007CF2E5 /* LaunchScreen.storyboard in Resources */ = {isa = PBXBuildFile; fileRef = 3F2F7D29207A9F95007CF2E5 /* LaunchScreen.storyboard */; };
		3F2F7D36207A9F95007CF2E5 /* RIT_Schedule_MakerTests.swift in Sources */ = {isa = PBXBuildFile; fileRef = 3F2F7D35207A9F95007CF2E5 /* RIT_Schedule_MakerTests.swift */; };
		3F2F7D41207A9F95007CF2E5 /* RIT_Schedule_MakerUITests.swift in Sources */ = {isa = PBXBuildFile; fileRef = 3F2F7D40207A9F95007CF2E5 /* RIT_Schedule_MakerUITests.swift */; };
		3F2F7D79207AAB13007CF2E5 /* Package.swift in Frameworks */ = {isa = PBXBuildFile; fileRef = 3F2F7D78207AAB13007CF2E5 /* Package.swift */; };
		3F529CAE207AB850000537D4 /* CalendarView.swift in Sources */ = {isa = PBXBuildFile; fileRef = 3F529CAD207AB850000537D4 /* CalendarView.swift */; };
		3F529CB0207AB85D000537D4 /* MonthView.swift in Sources */ = {isa = PBXBuildFile; fileRef = 3F529CAF207AB85D000537D4 /* MonthView.swift */; };
		3F529CB2207AB879000537D4 /* WeekdaysView.swift in Sources */ = {isa = PBXBuildFile; fileRef = 3F529CB1207AB879000537D4 /* WeekdaysView.swift */; };
		3F6420862080188E00F20C39 /* CustomCell.swift in Sources */ = {isa = PBXBuildFile; fileRef = 3F6420852080188E00F20C39 /* CustomCell.swift */; };
		3FC4051F208593EB00A49345 /* EventView.swift in Sources */ = {isa = PBXBuildFile; fileRef = 3FC4051E208593EB00A49345 /* EventView.swift */; };
		3FF0E4D52096A5530088AB73 /* EventData.swift in Sources */ = {isa = PBXBuildFile; fileRef = 3FF0E4D42096A5530088AB73 /* EventData.swift */; };
		97E757A7BE0671A964B3ACDA /* Pods_RIT_Schedule_MakerTests.framework in Frameworks */ = {isa = PBXBuildFile; fileRef = EC672FEC4D5A1D88D67875F4 /* Pods_RIT_Schedule_MakerTests.framework */; };
		BF4FC8C9D23155B3CD5A79D3 /* Pods_RIT_Schedule_MakerUITests.framework in Frameworks */ = {isa = PBXBuildFile; fileRef = 988DA37797245E14A69F938D /* Pods_RIT_Schedule_MakerUITests.framework */; };
		FB97E0D0E5FE86763572EE8E /* Pods_RIT_Schedule_Maker.framework in Frameworks */ = {isa = PBXBuildFile; fileRef = ED6BD53F88914A8E544E0DD1 /* Pods_RIT_Schedule_Maker.framework */; };
/* End PBXBuildFile section */

/* Begin PBXContainerItemProxy section */
		3F2F7D32207A9F95007CF2E5 /* PBXContainerItemProxy */ = {
			isa = PBXContainerItemProxy;
			containerPortal = 3F2F7D15207A9F95007CF2E5 /* Project object */;
			proxyType = 1;
			remoteGlobalIDString = 3F2F7D1C207A9F95007CF2E5;
			remoteInfo = "RIT-Schedule-Maker";
		};
		3F2F7D3D207A9F95007CF2E5 /* PBXContainerItemProxy */ = {
			isa = PBXContainerItemProxy;
			containerPortal = 3F2F7D15207A9F95007CF2E5 /* Project object */;
			proxyType = 1;
			remoteGlobalIDString = 3F2F7D1C207A9F95007CF2E5;
			remoteInfo = "RIT-Schedule-Maker";
		};
/* End PBXContainerItemProxy section */

/* Begin PBXFileReference section */
		290F6008209A8EFE00E355F3 /* EventData.swift */ = {isa = PBXFileReference; lastKnownFileType = sourcecode.swift; path = EventData.swift; sourceTree = "<group>"; };
		290F6038209BA34F00E355F3 /* Assets.xcassets */ = {isa = PBXFileReference; lastKnownFileType = folder.assetcatalog; name = Assets.xcassets; path = ../../../../../cal/Assets.xcassets; sourceTree = "<group>"; };
		29442FF320856B1F00D6A448 /* EventAddVC.swift */ = {isa = PBXFileReference; lastKnownFileType = sourcecode.swift; path = EventAddVC.swift; sourceTree = "<group>"; };
		2B173F39F43AC90363F6883A /* Pods-RIT-Schedule-Maker.release.xcconfig */ = {isa = PBXFileReference; includeInIndex = 1; lastKnownFileType = text.xcconfig; name = "Pods-RIT-Schedule-Maker.release.xcconfig"; path = "Pods/Target Support Files/Pods-RIT-Schedule-Maker/Pods-RIT-Schedule-Maker.release.xcconfig"; sourceTree = "<group>"; };
		35CD6E9D15DAD14D57C7FAD4 /* Pods-RIT-Schedule-MakerUITests.debug.xcconfig */ = {isa = PBXFileReference; includeInIndex = 1; lastKnownFileType = text.xcconfig; name = "Pods-RIT-Schedule-MakerUITests.debug.xcconfig"; path = "Pods/Target Support Files/Pods-RIT-Schedule-MakerUITests/Pods-RIT-Schedule-MakerUITests.debug.xcconfig"; sourceTree = "<group>"; };
		3F2F7D1D207A9F95007CF2E5 /* RIT-Schedule-Maker.app */ = {isa = PBXFileReference; explicitFileType = wrapper.application; includeInIndex = 0; path = "RIT-Schedule-Maker.app"; sourceTree = BUILT_PRODUCTS_DIR; };
		3F2F7D20207A9F95007CF2E5 /* AppDelegate.swift */ = {isa = PBXFileReference; lastKnownFileType = sourcecode.swift; path = AppDelegate.swift; sourceTree = "<group>"; };
		3F2F7D22207A9F95007CF2E5 /* ViewController.swift */ = {isa = PBXFileReference; lastKnownFileType = sourcecode.swift; path = ViewController.swift; sourceTree = "<group>"; };
		3F2F7D25207A9F95007CF2E5 /* Base */ = {isa = PBXFileReference; lastKnownFileType = file.storyboard; name = Base; path = Base.lproj/Main.storyboard; sourceTree = "<group>"; };
		3F2F7D2A207A9F95007CF2E5 /* Base */ = {isa = PBXFileReference; lastKnownFileType = file.storyboard; name = Base; path = Base.lproj/LaunchScreen.storyboard; sourceTree = "<group>"; };
		3F2F7D2C207A9F95007CF2E5 /* Info.plist */ = {isa = PBXFileReference; lastKnownFileType = text.plist.xml; path = Info.plist; sourceTree = "<group>"; };
		3F2F7D31207A9F95007CF2E5 /* RIT-Schedule-MakerTests.xctest */ = {isa = PBXFileReference; explicitFileType = wrapper.cfbundle; includeInIndex = 0; path = "RIT-Schedule-MakerTests.xctest"; sourceTree = BUILT_PRODUCTS_DIR; };
		3F2F7D35207A9F95007CF2E5 /* RIT_Schedule_MakerTests.swift */ = {isa = PBXFileReference; lastKnownFileType = sourcecode.swift; path = RIT_Schedule_MakerTests.swift; sourceTree = "<group>"; };
		3F2F7D37207A9F95007CF2E5 /* Info.plist */ = {isa = PBXFileReference; lastKnownFileType = text.plist.xml; path = Info.plist; sourceTree = "<group>"; };
		3F2F7D3C207A9F95007CF2E5 /* RIT-Schedule-MakerUITests.xctest */ = {isa = PBXFileReference; explicitFileType = wrapper.cfbundle; includeInIndex = 0; path = "RIT-Schedule-MakerUITests.xctest"; sourceTree = BUILT_PRODUCTS_DIR; };
		3F2F7D40207A9F95007CF2E5 /* RIT_Schedule_MakerUITests.swift */ = {isa = PBXFileReference; lastKnownFileType = sourcecode.swift; path = RIT_Schedule_MakerUITests.swift; sourceTree = "<group>"; };
		3F2F7D42207A9F95007CF2E5 /* Info.plist */ = {isa = PBXFileReference; lastKnownFileType = text.plist.xml; path = Info.plist; sourceTree = "<group>"; };
		3F2F7D52207AAA92007CF2E5 /* UIScrollViewDelegates.swift */ = {isa = PBXFileReference; lastKnownFileType = sourcecode.swift; name = UIScrollViewDelegates.swift; path = "RIT-Schedule-Maker/Sources/UIScrollViewDelegates.swift"; sourceTree = "<group>"; };
		3F2F7D53207AAA92007CF2E5 /* InternalActionFunctions.swift */ = {isa = PBXFileReference; lastKnownFileType = sourcecode.swift; name = InternalActionFunctions.swift; path = "RIT-Schedule-Maker/Sources/InternalActionFunctions.swift"; sourceTree = "<group>"; };
		3F2F7D54207AAA92007CF2E5 /* JTAppleCalendarVariables.swift */ = {isa = PBXFileReference; lastKnownFileType = sourcecode.swift; name = JTAppleCalendarVariables.swift; path = "RIT-Schedule-Maker/Sources/JTAppleCalendarVariables.swift"; sourceTree = "<group>"; };
		3F2F7D55207AAA92007CF2E5 /* JTAppleCalendarView.swift */ = {isa = PBXFileReference; lastKnownFileType = sourcecode.swift; name = JTAppleCalendarView.swift; path = "RIT-Schedule-Maker/Sources/JTAppleCalendarView.swift"; sourceTree = "<group>"; };
		3F2F7D56207AAA92007CF2E5 /* JTAppleCell.swift */ = {isa = PBXFileReference; lastKnownFileType = sourcecode.swift; name = JTAppleCell.swift; path = "RIT-Schedule-Maker/Sources/JTAppleCell.swift"; sourceTree = "<group>"; };
		3F2F7D57207AAA93007CF2E5 /* CalendarEnums.swift */ = {isa = PBXFileReference; lastKnownFileType = sourcecode.swift; name = CalendarEnums.swift; path = "RIT-Schedule-Maker/Sources/CalendarEnums.swift"; sourceTree = "<group>"; };
		3F2F7D58207AAA93007CF2E5 /* JTAppleCalendarDelegateProtocol.swift */ = {isa = PBXFileReference; lastKnownFileType = sourcecode.swift; name = JTAppleCalendarDelegateProtocol.swift; path = "RIT-Schedule-Maker/Sources/JTAppleCalendarDelegateProtocol.swift"; sourceTree = "<group>"; };
		3F2F7D59207AAA93007CF2E5 /* UICollectionViewDelegates.swift */ = {isa = PBXFileReference; lastKnownFileType = sourcecode.swift; name = UICollectionViewDelegates.swift; path = "RIT-Schedule-Maker/Sources/UICollectionViewDelegates.swift"; sourceTree = "<group>"; };
		3F2F7D5A207AAA93007CF2E5 /* UserInteractionFunctions.swift */ = {isa = PBXFileReference; lastKnownFileType = sourcecode.swift; name = UserInteractionFunctions.swift; path = "RIT-Schedule-Maker/Sources/UserInteractionFunctions.swift"; sourceTree = "<group>"; };
		3F2F7D5B207AAA93007CF2E5 /* InternalQueryFunctions.swift */ = {isa = PBXFileReference; lastKnownFileType = sourcecode.swift; name = InternalQueryFunctions.swift; path = "RIT-Schedule-Maker/Sources/InternalQueryFunctions.swift"; sourceTree = "<group>"; };
		3F2F7D5C207AAA93007CF2E5 /* JTCalendarProtocols.swift */ = {isa = PBXFileReference; lastKnownFileType = sourcecode.swift; name = JTCalendarProtocols.swift; path = "RIT-Schedule-Maker/Sources/JTCalendarProtocols.swift"; sourceTree = "<group>"; };
		3F2F7D5D207AAA93007CF2E5 /* JTAppleCalendarLayoutProtocol.swift */ = {isa = PBXFileReference; lastKnownFileType = sourcecode.swift; name = JTAppleCalendarLayoutProtocol.swift; path = "RIT-Schedule-Maker/Sources/JTAppleCalendarLayoutProtocol.swift"; sourceTree = "<group>"; };
		3F2F7D5E207AAA93007CF2E5 /* Info-tvOS.plist */ = {isa = PBXFileReference; lastKnownFileType = text.plist.xml; name = "Info-tvOS.plist"; path = "RIT-Schedule-Maker/Sources/Info-tvOS.plist"; sourceTree = "<group>"; };
		3F2F7D5F207AAA93007CF2E5 /* Info-iOS.plist */ = {isa = PBXFileReference; lastKnownFileType = text.plist.xml; name = "Info-iOS.plist"; path = "RIT-Schedule-Maker/Sources/Info-iOS.plist"; sourceTree = "<group>"; };
		3F2F7D60207AAA93007CF2E5 /* JTAppleCalendarLayout.swift */ = {isa = PBXFileReference; lastKnownFileType = sourcecode.swift; name = JTAppleCalendarLayout.swift; path = "RIT-Schedule-Maker/Sources/JTAppleCalendarLayout.swift"; sourceTree = "<group>"; };
		3F2F7D61207AAA93007CF2E5 /* CalendarStructs.swift */ = {isa = PBXFileReference; lastKnownFileType = sourcecode.swift; name = CalendarStructs.swift; path = "RIT-Schedule-Maker/Sources/CalendarStructs.swift"; sourceTree = "<group>"; };
		3F2F7D62207AAA93007CF2E5 /* JTAppleCalendar.h */ = {isa = PBXFileReference; lastKnownFileType = sourcecode.c.h; name = JTAppleCalendar.h; path = "RIT-Schedule-Maker/Sources/JTAppleCalendar.h"; sourceTree = "<group>"; };
		3F2F7D63207AAA93007CF2E5 /* JTAppleCollectionReusableView.swift */ = {isa = PBXFileReference; lastKnownFileType = sourcecode.swift; name = JTAppleCollectionReusableView.swift; path = "RIT-Schedule-Maker/Sources/JTAppleCollectionReusableView.swift"; sourceTree = "<group>"; };
		3F2F7D64207AAA93007CF2E5 /* GlobalFunctionsAndExtensions.swift */ = {isa = PBXFileReference; lastKnownFileType = sourcecode.swift; name = GlobalFunctionsAndExtensions.swift; path = "RIT-Schedule-Maker/Sources/GlobalFunctionsAndExtensions.swift"; sourceTree = "<group>"; };
		3F2F7D78207AAB13007CF2E5 /* Package.swift */ = {isa = PBXFileReference; lastKnownFileType = sourcecode.swift; name = Package.swift; path = "../../../Downloads/JTAppleCalendar-master/Package.swift"; sourceTree = "<group>"; };
		3F529CAD207AB850000537D4 /* CalendarView.swift */ = {isa = PBXFileReference; lastKnownFileType = sourcecode.swift; path = CalendarView.swift; sourceTree = "<group>"; };
		3F529CAF207AB85D000537D4 /* MonthView.swift */ = {isa = PBXFileReference; lastKnownFileType = sourcecode.swift; path = MonthView.swift; sourceTree = "<group>"; };
		3F529CB1207AB879000537D4 /* WeekdaysView.swift */ = {isa = PBXFileReference; lastKnownFileType = sourcecode.swift; path = WeekdaysView.swift; sourceTree = "<group>"; };
		3F6420852080188E00F20C39 /* CustomCell.swift */ = {isa = PBXFileReference; lastKnownFileType = sourcecode.swift; path = CustomCell.swift; sourceTree = "<group>"; };
		3FC4051E208593EB00A49345 /* EventView.swift */ = {isa = PBXFileReference; lastKnownFileType = sourcecode.swift; path = EventView.swift; sourceTree = "<group>"; };
		3FF0E4D42096A5530088AB73 /* EventData.swift */ = {isa = PBXFileReference; lastKnownFileType = sourcecode.swift; path = EventData.swift; sourceTree = "<group>"; };
		4350F6B20721B03B35865844 /* Pods-RIT-Schedule-MakerTests.release.xcconfig */ = {isa = PBXFileReference; includeInIndex = 1; lastKnownFileType = text.xcconfig; name = "Pods-RIT-Schedule-MakerTests.release.xcconfig"; path = "Pods/Target Support Files/Pods-RIT-Schedule-MakerTests/Pods-RIT-Schedule-MakerTests.release.xcconfig"; sourceTree = "<group>"; };
		788B09CCAC4EB72C95FE28E9 /* Pods-RIT-Schedule-MakerTests.debug.xcconfig */ = {isa = PBXFileReference; includeInIndex = 1; lastKnownFileType = text.xcconfig; name = "Pods-RIT-Schedule-MakerTests.debug.xcconfig"; path = "Pods/Target Support Files/Pods-RIT-Schedule-MakerTests/Pods-RIT-Schedule-MakerTests.debug.xcconfig"; sourceTree = "<group>"; };
		8A7FB4006B946450DBCB0EED /* Pods-RIT-Schedule-MakerUITests.release.xcconfig */ = {isa = PBXFileReference; includeInIndex = 1; lastKnownFileType = text.xcconfig; name = "Pods-RIT-Schedule-MakerUITests.release.xcconfig"; path = "Pods/Target Support Files/Pods-RIT-Schedule-MakerUITests/Pods-RIT-Schedule-MakerUITests.release.xcconfig"; sourceTree = "<group>"; };
		988DA37797245E14A69F938D /* Pods_RIT_Schedule_MakerUITests.framework */ = {isa = PBXFileReference; explicitFileType = wrapper.framework; includeInIndex = 0; path = Pods_RIT_Schedule_MakerUITests.framework; sourceTree = BUILT_PRODUCTS_DIR; };
		C483C0475D5BBB327718D914 /* Pods-RIT-Schedule-Maker.debug.xcconfig */ = {isa = PBXFileReference; includeInIndex = 1; lastKnownFileType = text.xcconfig; name = "Pods-RIT-Schedule-Maker.debug.xcconfig"; path = "Pods/Target Support Files/Pods-RIT-Schedule-Maker/Pods-RIT-Schedule-Maker.debug.xcconfig"; sourceTree = "<group>"; };
		EC672FEC4D5A1D88D67875F4 /* Pods_RIT_Schedule_MakerTests.framework */ = {isa = PBXFileReference; explicitFileType = wrapper.framework; includeInIndex = 0; path = Pods_RIT_Schedule_MakerTests.framework; sourceTree = BUILT_PRODUCTS_DIR; };
		ED6BD53F88914A8E544E0DD1 /* Pods_RIT_Schedule_Maker.framework */ = {isa = PBXFileReference; explicitFileType = wrapper.framework; includeInIndex = 0; path = Pods_RIT_Schedule_Maker.framework; sourceTree = BUILT_PRODUCTS_DIR; };
/* End PBXFileReference section */

/* Begin PBXFrameworksBuildPhase section */
		3F2F7D1A207A9F95007CF2E5 /* Frameworks */ = {
			isa = PBXFrameworksBuildPhase;
			buildActionMask = 2147483647;
			files = (
				3F2F7D79207AAB13007CF2E5 /* Package.swift in Frameworks */,
				FB97E0D0E5FE86763572EE8E /* Pods_RIT_Schedule_Maker.framework in Frameworks */,
			);
			runOnlyForDeploymentPostprocessing = 0;
		};
		3F2F7D2E207A9F95007CF2E5 /* Frameworks */ = {
			isa = PBXFrameworksBuildPhase;
			buildActionMask = 2147483647;
			files = (
				97E757A7BE0671A964B3ACDA /* Pods_RIT_Schedule_MakerTests.framework in Frameworks */,
			);
			runOnlyForDeploymentPostprocessing = 0;
		};
		3F2F7D39207A9F95007CF2E5 /* Frameworks */ = {
			isa = PBXFrameworksBuildPhase;
			buildActionMask = 2147483647;
			files = (
				BF4FC8C9D23155B3CD5A79D3 /* Pods_RIT_Schedule_MakerUITests.framework in Frameworks */,
			);
			runOnlyForDeploymentPostprocessing = 0;
		};
/* End PBXFrameworksBuildPhase section */

/* Begin PBXGroup section */
		3F2F7D14207A9F95007CF2E5 = {
			isa = PBXGroup;
			children = (
				3F2F7D1F207A9F95007CF2E5 /* RIT-Schedule-Maker */,
				3F2F7D34207A9F95007CF2E5 /* RIT-Schedule-MakerTests */,
				3F2F7D3F207A9F95007CF2E5 /* RIT-Schedule-MakerUITests */,
				3F2F7D1E207A9F95007CF2E5 /* Products */,
				3F2F7D51207AAA92007CF2E5 /* Frameworks */,
				652CA432E976FCD19B2567D2 /* Pods */,
			);
			sourceTree = "<group>";
		};
		3F2F7D1E207A9F95007CF2E5 /* Products */ = {
			isa = PBXGroup;
			children = (
				3F2F7D1D207A9F95007CF2E5 /* RIT-Schedule-Maker.app */,
				3F2F7D31207A9F95007CF2E5 /* RIT-Schedule-MakerTests.xctest */,
				3F2F7D3C207A9F95007CF2E5 /* RIT-Schedule-MakerUITests.xctest */,
			);
			name = Products;
			sourceTree = "<group>";
		};
		3F2F7D1F207A9F95007CF2E5 /* RIT-Schedule-Maker */ = {
			isa = PBXGroup;
			children = (
				3F2F7D20207A9F95007CF2E5 /* AppDelegate.swift */,
				3FF0E4D42096A5530088AB73 /* EventData.swift */,
				3F2F7D22207A9F95007CF2E5 /* ViewController.swift */,
				3F529CAD207AB850000537D4 /* CalendarView.swift */,
				290F6008209A8EFE00E355F3 /* EventData.swift */,
				3F529CAF207AB85D000537D4 /* MonthView.swift */,
				3F529CB1207AB879000537D4 /* WeekdaysView.swift */,
				29442FF320856B1F00D6A448 /* EventAddVC.swift */,
				3F2F7D24207A9F95007CF2E5 /* Main.storyboard */,
				290F6038209BA34F00E355F3 /* Assets.xcassets */,
				3F2F7D29207A9F95007CF2E5 /* LaunchScreen.storyboard */,
				3F2F7D2C207A9F95007CF2E5 /* Info.plist */,
				3F6420852080188E00F20C39 /* CustomCell.swift */,
				3FC4051E208593EB00A49345 /* EventView.swift */,
			);
			path = "RIT-Schedule-Maker";
			sourceTree = "<group>";
		};
		3F2F7D34207A9F95007CF2E5 /* RIT-Schedule-MakerTests */ = {
			isa = PBXGroup;
			children = (
				3F2F7D35207A9F95007CF2E5 /* RIT_Schedule_MakerTests.swift */,
				3F2F7D37207A9F95007CF2E5 /* Info.plist */,
			);
			path = "RIT-Schedule-MakerTests";
			sourceTree = "<group>";
		};
		3F2F7D3F207A9F95007CF2E5 /* RIT-Schedule-MakerUITests */ = {
			isa = PBXGroup;
			children = (
				3F2F7D40207A9F95007CF2E5 /* RIT_Schedule_MakerUITests.swift */,
				3F2F7D42207A9F95007CF2E5 /* Info.plist */,
			);
			path = "RIT-Schedule-MakerUITests";
			sourceTree = "<group>";
		};
		3F2F7D51207AAA92007CF2E5 /* Frameworks */ = {
			isa = PBXGroup;
			children = (
				3F2F7D78207AAB13007CF2E5 /* Package.swift */,
				3F2F7D57207AAA93007CF2E5 /* CalendarEnums.swift */,
				3F2F7D61207AAA93007CF2E5 /* CalendarStructs.swift */,
				3F2F7D64207AAA93007CF2E5 /* GlobalFunctionsAndExtensions.swift */,
				3F2F7D5F207AAA93007CF2E5 /* Info-iOS.plist */,
				3F2F7D5E207AAA93007CF2E5 /* Info-tvOS.plist */,
				3F2F7D53207AAA92007CF2E5 /* InternalActionFunctions.swift */,
				3F2F7D5B207AAA93007CF2E5 /* InternalQueryFunctions.swift */,
				3F2F7D62207AAA93007CF2E5 /* JTAppleCalendar.h */,
				3F2F7D58207AAA93007CF2E5 /* JTAppleCalendarDelegateProtocol.swift */,
				3F2F7D60207AAA93007CF2E5 /* JTAppleCalendarLayout.swift */,
				3F2F7D5D207AAA93007CF2E5 /* JTAppleCalendarLayoutProtocol.swift */,
				3F2F7D54207AAA92007CF2E5 /* JTAppleCalendarVariables.swift */,
				3F2F7D55207AAA92007CF2E5 /* JTAppleCalendarView.swift */,
				3F2F7D56207AAA92007CF2E5 /* JTAppleCell.swift */,
				3F2F7D63207AAA93007CF2E5 /* JTAppleCollectionReusableView.swift */,
				3F2F7D5C207AAA93007CF2E5 /* JTCalendarProtocols.swift */,
				3F2F7D59207AAA93007CF2E5 /* UICollectionViewDelegates.swift */,
				3F2F7D52207AAA92007CF2E5 /* UIScrollViewDelegates.swift */,
				3F2F7D5A207AAA93007CF2E5 /* UserInteractionFunctions.swift */,
				ED6BD53F88914A8E544E0DD1 /* Pods_RIT_Schedule_Maker.framework */,
				EC672FEC4D5A1D88D67875F4 /* Pods_RIT_Schedule_MakerTests.framework */,
				988DA37797245E14A69F938D /* Pods_RIT_Schedule_MakerUITests.framework */,
			);
			name = Frameworks;
			sourceTree = "<group>";
		};
		652CA432E976FCD19B2567D2 /* Pods */ = {
			isa = PBXGroup;
			children = (
				C483C0475D5BBB327718D914 /* Pods-RIT-Schedule-Maker.debug.xcconfig */,
				2B173F39F43AC90363F6883A /* Pods-RIT-Schedule-Maker.release.xcconfig */,
				788B09CCAC4EB72C95FE28E9 /* Pods-RIT-Schedule-MakerTests.debug.xcconfig */,
				4350F6B20721B03B35865844 /* Pods-RIT-Schedule-MakerTests.release.xcconfig */,
				35CD6E9D15DAD14D57C7FAD4 /* Pods-RIT-Schedule-MakerUITests.debug.xcconfig */,
				8A7FB4006B946450DBCB0EED /* Pods-RIT-Schedule-MakerUITests.release.xcconfig */,
			);
			name = Pods;
			sourceTree = "<group>";
		};
/* End PBXGroup section */

/* Begin PBXNativeTarget section */
		3F2F7D1C207A9F95007CF2E5 /* RIT-Schedule-Maker */ = {
			isa = PBXNativeTarget;
			buildConfigurationList = 3F2F7D45207A9F95007CF2E5 /* Build configuration list for PBXNativeTarget "RIT-Schedule-Maker" */;
			buildPhases = (
				299885F4D4DCB60D556CB092 /* [CP] Check Pods Manifest.lock */,
				3F2F7D19207A9F95007CF2E5 /* Sources */,
				3F2F7D1A207A9F95007CF2E5 /* Frameworks */,
				3F2F7D1B207A9F95007CF2E5 /* Resources */,
				F03579EB03DC0297B4A68A08 /* [CP] Embed Pods Frameworks */,
			);
			buildRules = (
			);
			dependencies = (
			);
			name = "RIT-Schedule-Maker";
			productName = "RIT-Schedule-Maker";
			productReference = 3F2F7D1D207A9F95007CF2E5 /* RIT-Schedule-Maker.app */;
			productType = "com.apple.product-type.application";
		};
		3F2F7D30207A9F95007CF2E5 /* RIT-Schedule-MakerTests */ = {
			isa = PBXNativeTarget;
			buildConfigurationList = 3F2F7D48207A9F95007CF2E5 /* Build configuration list for PBXNativeTarget "RIT-Schedule-MakerTests" */;
			buildPhases = (
				C89B182D0EFBBA945E1A33AD /* [CP] Check Pods Manifest.lock */,
				3F2F7D2D207A9F95007CF2E5 /* Sources */,
				3F2F7D2E207A9F95007CF2E5 /* Frameworks */,
				3F2F7D2F207A9F95007CF2E5 /* Resources */,
			);
			buildRules = (
			);
			dependencies = (
				3F2F7D33207A9F95007CF2E5 /* PBXTargetDependency */,
			);
			name = "RIT-Schedule-MakerTests";
			productName = "RIT-Schedule-MakerTests";
			productReference = 3F2F7D31207A9F95007CF2E5 /* RIT-Schedule-MakerTests.xctest */;
			productType = "com.apple.product-type.bundle.unit-test";
		};
		3F2F7D3B207A9F95007CF2E5 /* RIT-Schedule-MakerUITests */ = {
			isa = PBXNativeTarget;
			buildConfigurationList = 3F2F7D4B207A9F95007CF2E5 /* Build configuration list for PBXNativeTarget "RIT-Schedule-MakerUITests" */;
			buildPhases = (
				FD7AC6F852806D11C2A2F057 /* [CP] Check Pods Manifest.lock */,
				3F2F7D38207A9F95007CF2E5 /* Sources */,
				3F2F7D39207A9F95007CF2E5 /* Frameworks */,
				3F2F7D3A207A9F95007CF2E5 /* Resources */,
			);
			buildRules = (
			);
			dependencies = (
				3F2F7D3E207A9F95007CF2E5 /* PBXTargetDependency */,
			);
			name = "RIT-Schedule-MakerUITests";
			productName = "RIT-Schedule-MakerUITests";
			productReference = 3F2F7D3C207A9F95007CF2E5 /* RIT-Schedule-MakerUITests.xctest */;
			productType = "com.apple.product-type.bundle.ui-testing";
		};
/* End PBXNativeTarget section */

/* Begin PBXProject section */
		3F2F7D15207A9F95007CF2E5 /* Project object */ = {
			isa = PBXProject;
			attributes = {
				LastSwiftUpdateCheck = 0920;
				LastUpgradeCheck = 0920;
				ORGANIZATIONNAME = RIT;
				TargetAttributes = {
					3F2F7D1C207A9F95007CF2E5 = {
						CreatedOnToolsVersion = 9.2;
						ProvisioningStyle = Automatic;
					};
					3F2F7D30207A9F95007CF2E5 = {
						CreatedOnToolsVersion = 9.2;
						ProvisioningStyle = Automatic;
						TestTargetID = 3F2F7D1C207A9F95007CF2E5;
					};
					3F2F7D3B207A9F95007CF2E5 = {
						CreatedOnToolsVersion = 9.2;
						ProvisioningStyle = Automatic;
						TestTargetID = 3F2F7D1C207A9F95007CF2E5;
					};
				};
			};
			buildConfigurationList = 3F2F7D18207A9F95007CF2E5 /* Build configuration list for PBXProject "RIT-Schedule-Maker" */;
			compatibilityVersion = "Xcode 8.0";
			developmentRegion = en;
			hasScannedForEncodings = 0;
			knownRegions = (
				en,
				Base,
			);
			mainGroup = 3F2F7D14207A9F95007CF2E5;
			productRefGroup = 3F2F7D1E207A9F95007CF2E5 /* Products */;
			projectDirPath = "";
			projectRoot = "";
			targets = (
				3F2F7D1C207A9F95007CF2E5 /* RIT-Schedule-Maker */,
				3F2F7D30207A9F95007CF2E5 /* RIT-Schedule-MakerTests */,
				3F2F7D3B207A9F95007CF2E5 /* RIT-Schedule-MakerUITests */,
			);
		};
/* End PBXProject section */

/* Begin PBXResourcesBuildPhase section */
		3F2F7D1B207A9F95007CF2E5 /* Resources */ = {
			isa = PBXResourcesBuildPhase;
			buildActionMask = 2147483647;
			files = (
				3F2F7D2B207A9F95007CF2E5 /* LaunchScreen.storyboard in Resources */,
				290F6039209BA34F00E355F3 /* Assets.xcassets in Resources */,
				3F2F7D26207A9F95007CF2E5 /* Main.storyboard in Resources */,
			);
			runOnlyForDeploymentPostprocessing = 0;
		};
		3F2F7D2F207A9F95007CF2E5 /* Resources */ = {
			isa = PBXResourcesBuildPhase;
			buildActionMask = 2147483647;
			files = (
			);
			runOnlyForDeploymentPostprocessing = 0;
		};
		3F2F7D3A207A9F95007CF2E5 /* Resources */ = {
			isa = PBXResourcesBuildPhase;
			buildActionMask = 2147483647;
			files = (
			);
			runOnlyForDeploymentPostprocessing = 0;
		};
/* End PBXResourcesBuildPhase section */

/* Begin PBXShellScriptBuildPhase section */
		299885F4D4DCB60D556CB092 /* [CP] Check Pods Manifest.lock */ = {
			isa = PBXShellScriptBuildPhase;
			buildActionMask = 2147483647;
			files = (
			);
			inputPaths = (
				"${PODS_PODFILE_DIR_PATH}/Podfile.lock",
				"${PODS_ROOT}/Manifest.lock",
			);
			name = "[CP] Check Pods Manifest.lock";
			outputPaths = (
				"$(DERIVED_FILE_DIR)/Pods-RIT-Schedule-Maker-checkManifestLockResult.txt",
			);
			runOnlyForDeploymentPostprocessing = 0;
			shellPath = /bin/sh;
			shellScript = "diff \"${PODS_PODFILE_DIR_PATH}/Podfile.lock\" \"${PODS_ROOT}/Manifest.lock\" > /dev/null\nif [ $? != 0 ] ; then\n    # print error to STDERR\n    echo \"error: The sandbox is not in sync with the Podfile.lock. Run 'pod install' or update your CocoaPods installation.\" >&2\n    exit 1\nfi\n# This output is used by Xcode 'outputs' to avoid re-running this script phase.\necho \"SUCCESS\" > \"${SCRIPT_OUTPUT_FILE_0}\"\n";
			showEnvVarsInLog = 0;
		};
		C89B182D0EFBBA945E1A33AD /* [CP] Check Pods Manifest.lock */ = {
			isa = PBXShellScriptBuildPhase;
			buildActionMask = 2147483647;
			files = (
			);
			inputPaths = (
				"${PODS_PODFILE_DIR_PATH}/Podfile.lock",
				"${PODS_ROOT}/Manifest.lock",
			);
			name = "[CP] Check Pods Manifest.lock";
			outputPaths = (
				"$(DERIVED_FILE_DIR)/Pods-RIT-Schedule-MakerTests-checkManifestLockResult.txt",
			);
			runOnlyForDeploymentPostprocessing = 0;
			shellPath = /bin/sh;
			shellScript = "diff \"${PODS_PODFILE_DIR_PATH}/Podfile.lock\" \"${PODS_ROOT}/Manifest.lock\" > /dev/null\nif [ $? != 0 ] ; then\n    # print error to STDERR\n    echo \"error: The sandbox is not in sync with the Podfile.lock. Run 'pod install' or update your CocoaPods installation.\" >&2\n    exit 1\nfi\n# This output is used by Xcode 'outputs' to avoid re-running this script phase.\necho \"SUCCESS\" > \"${SCRIPT_OUTPUT_FILE_0}\"\n";
			showEnvVarsInLog = 0;
		};
		F03579EB03DC0297B4A68A08 /* [CP] Embed Pods Frameworks */ = {
			isa = PBXShellScriptBuildPhase;
			buildActionMask = 2147483647;
			files = (
			);
			inputPaths = (
				"${SRCROOT}/Pods/Target Support Files/Pods-RIT-Schedule-Maker/Pods-RIT-Schedule-Maker-frameworks.sh",
				"${BUILT_PRODUCTS_DIR}/Alamofire/Alamofire.framework",
				"${BUILT_PRODUCTS_DIR}/JTAppleCalendar/JTAppleCalendar.framework",
			);
			name = "[CP] Embed Pods Frameworks";
			outputPaths = (
				"${TARGET_BUILD_DIR}/${FRAMEWORKS_FOLDER_PATH}/Alamofire.framework",
				"${TARGET_BUILD_DIR}/${FRAMEWORKS_FOLDER_PATH}/JTAppleCalendar.framework",
			);
			runOnlyForDeploymentPostprocessing = 0;
			shellPath = /bin/sh;
			shellScript = "\"${SRCROOT}/Pods/Target Support Files/Pods-RIT-Schedule-Maker/Pods-RIT-Schedule-Maker-frameworks.sh\"\n";
			showEnvVarsInLog = 0;
		};
		FD7AC6F852806D11C2A2F057 /* [CP] Check Pods Manifest.lock */ = {
			isa = PBXShellScriptBuildPhase;
			buildActionMask = 2147483647;
			files = (
			);
			inputPaths = (
				"${PODS_PODFILE_DIR_PATH}/Podfile.lock",
				"${PODS_ROOT}/Manifest.lock",
			);
			name = "[CP] Check Pods Manifest.lock";
			outputPaths = (
				"$(DERIVED_FILE_DIR)/Pods-RIT-Schedule-MakerUITests-checkManifestLockResult.txt",
			);
			runOnlyForDeploymentPostprocessing = 0;
			shellPath = /bin/sh;
			shellScript = "diff \"${PODS_PODFILE_DIR_PATH}/Podfile.lock\" \"${PODS_ROOT}/Manifest.lock\" > /dev/null\nif [ $? != 0 ] ; then\n    # print error to STDERR\n    echo \"error: The sandbox is not in sync with the Podfile.lock. Run 'pod install' or update your CocoaPods installation.\" >&2\n    exit 1\nfi\n# This output is used by Xcode 'outputs' to avoid re-running this script phase.\necho \"SUCCESS\" > \"${SCRIPT_OUTPUT_FILE_0}\"\n";
			showEnvVarsInLog = 0;
		};
/* End PBXShellScriptBuildPhase section */

/* Begin PBXSourcesBuildPhase section */
		3F2F7D19207A9F95007CF2E5 /* Sources */ = {
			isa = PBXSourcesBuildPhase;
			buildActionMask = 2147483647;
			files = (
				3F2F7D23207A9F95007CF2E5 /* ViewController.swift in Sources */,
				3F529CB2207AB879000537D4 /* WeekdaysView.swift in Sources */,
<<<<<<< HEAD
				290F6009209A8EFE00E355F3 /* EventData.swift in Sources */,
=======
				3FF0E4D52096A5530088AB73 /* EventData.swift in Sources */,
>>>>>>> 5b2c1b41af43301fb1d9035ed6c8719f367ac5a4
				3F529CB0207AB85D000537D4 /* MonthView.swift in Sources */,
				3F529CAE207AB850000537D4 /* CalendarView.swift in Sources */,
				29442FF420856B1F00D6A448 /* EventAddVC.swift in Sources */,
				3F6420862080188E00F20C39 /* CustomCell.swift in Sources */,
				3F2F7D21207A9F95007CF2E5 /* AppDelegate.swift in Sources */,
				3FC4051F208593EB00A49345 /* EventView.swift in Sources */,
			);
			runOnlyForDeploymentPostprocessing = 0;
		};
		3F2F7D2D207A9F95007CF2E5 /* Sources */ = {
			isa = PBXSourcesBuildPhase;
			buildActionMask = 2147483647;
			files = (
				3F2F7D36207A9F95007CF2E5 /* RIT_Schedule_MakerTests.swift in Sources */,
			);
			runOnlyForDeploymentPostprocessing = 0;
		};
		3F2F7D38207A9F95007CF2E5 /* Sources */ = {
			isa = PBXSourcesBuildPhase;
			buildActionMask = 2147483647;
			files = (
				3F2F7D41207A9F95007CF2E5 /* RIT_Schedule_MakerUITests.swift in Sources */,
			);
			runOnlyForDeploymentPostprocessing = 0;
		};
/* End PBXSourcesBuildPhase section */

/* Begin PBXTargetDependency section */
		3F2F7D33207A9F95007CF2E5 /* PBXTargetDependency */ = {
			isa = PBXTargetDependency;
			target = 3F2F7D1C207A9F95007CF2E5 /* RIT-Schedule-Maker */;
			targetProxy = 3F2F7D32207A9F95007CF2E5 /* PBXContainerItemProxy */;
		};
		3F2F7D3E207A9F95007CF2E5 /* PBXTargetDependency */ = {
			isa = PBXTargetDependency;
			target = 3F2F7D1C207A9F95007CF2E5 /* RIT-Schedule-Maker */;
			targetProxy = 3F2F7D3D207A9F95007CF2E5 /* PBXContainerItemProxy */;
		};
/* End PBXTargetDependency section */

/* Begin PBXVariantGroup section */
		3F2F7D24207A9F95007CF2E5 /* Main.storyboard */ = {
			isa = PBXVariantGroup;
			children = (
				3F2F7D25207A9F95007CF2E5 /* Base */,
			);
			name = Main.storyboard;
			sourceTree = "<group>";
		};
		3F2F7D29207A9F95007CF2E5 /* LaunchScreen.storyboard */ = {
			isa = PBXVariantGroup;
			children = (
				3F2F7D2A207A9F95007CF2E5 /* Base */,
			);
			name = LaunchScreen.storyboard;
			sourceTree = "<group>";
		};
/* End PBXVariantGroup section */

/* Begin XCBuildConfiguration section */
		3F2F7D43207A9F95007CF2E5 /* Debug */ = {
			isa = XCBuildConfiguration;
			buildSettings = {
				ALWAYS_SEARCH_USER_PATHS = NO;
				CLANG_ANALYZER_NONNULL = YES;
				CLANG_ANALYZER_NUMBER_OBJECT_CONVERSION = YES_AGGRESSIVE;
				CLANG_CXX_LANGUAGE_STANDARD = "gnu++14";
				CLANG_CXX_LIBRARY = "libc++";
				CLANG_ENABLE_MODULES = YES;
				CLANG_ENABLE_OBJC_ARC = YES;
				CLANG_WARN_BLOCK_CAPTURE_AUTORELEASING = YES;
				CLANG_WARN_BOOL_CONVERSION = YES;
				CLANG_WARN_COMMA = YES;
				CLANG_WARN_CONSTANT_CONVERSION = YES;
				CLANG_WARN_DIRECT_OBJC_ISA_USAGE = YES_ERROR;
				CLANG_WARN_DOCUMENTATION_COMMENTS = YES;
				CLANG_WARN_EMPTY_BODY = YES;
				CLANG_WARN_ENUM_CONVERSION = YES;
				CLANG_WARN_INFINITE_RECURSION = YES;
				CLANG_WARN_INT_CONVERSION = YES;
				CLANG_WARN_NON_LITERAL_NULL_CONVERSION = YES;
				CLANG_WARN_OBJC_LITERAL_CONVERSION = YES;
				CLANG_WARN_OBJC_ROOT_CLASS = YES_ERROR;
				CLANG_WARN_RANGE_LOOP_ANALYSIS = YES;
				CLANG_WARN_STRICT_PROTOTYPES = YES;
				CLANG_WARN_SUSPICIOUS_MOVE = YES;
				CLANG_WARN_UNGUARDED_AVAILABILITY = YES_AGGRESSIVE;
				CLANG_WARN_UNREACHABLE_CODE = YES;
				CLANG_WARN__DUPLICATE_METHOD_MATCH = YES;
				CODE_SIGN_IDENTITY = "iPhone Developer";
				COPY_PHASE_STRIP = NO;
				DEBUG_INFORMATION_FORMAT = dwarf;
				ENABLE_STRICT_OBJC_MSGSEND = YES;
				ENABLE_TESTABILITY = YES;
				GCC_C_LANGUAGE_STANDARD = gnu11;
				GCC_DYNAMIC_NO_PIC = NO;
				GCC_NO_COMMON_BLOCKS = YES;
				GCC_OPTIMIZATION_LEVEL = 0;
				GCC_PREPROCESSOR_DEFINITIONS = (
					"DEBUG=1",
					"$(inherited)",
				);
				GCC_WARN_64_TO_32_BIT_CONVERSION = YES;
				GCC_WARN_ABOUT_RETURN_TYPE = YES_ERROR;
				GCC_WARN_UNDECLARED_SELECTOR = YES;
				GCC_WARN_UNINITIALIZED_AUTOS = YES_AGGRESSIVE;
				GCC_WARN_UNUSED_FUNCTION = YES;
				GCC_WARN_UNUSED_VARIABLE = YES;
				IPHONEOS_DEPLOYMENT_TARGET = 11.2;
				MTL_ENABLE_DEBUG_INFO = YES;
				ONLY_ACTIVE_ARCH = YES;
				SDKROOT = iphoneos;
				SWIFT_ACTIVE_COMPILATION_CONDITIONS = DEBUG;
				SWIFT_OPTIMIZATION_LEVEL = "-Onone";
			};
			name = Debug;
		};
		3F2F7D44207A9F95007CF2E5 /* Release */ = {
			isa = XCBuildConfiguration;
			buildSettings = {
				ALWAYS_SEARCH_USER_PATHS = NO;
				CLANG_ANALYZER_NONNULL = YES;
				CLANG_ANALYZER_NUMBER_OBJECT_CONVERSION = YES_AGGRESSIVE;
				CLANG_CXX_LANGUAGE_STANDARD = "gnu++14";
				CLANG_CXX_LIBRARY = "libc++";
				CLANG_ENABLE_MODULES = YES;
				CLANG_ENABLE_OBJC_ARC = YES;
				CLANG_WARN_BLOCK_CAPTURE_AUTORELEASING = YES;
				CLANG_WARN_BOOL_CONVERSION = YES;
				CLANG_WARN_COMMA = YES;
				CLANG_WARN_CONSTANT_CONVERSION = YES;
				CLANG_WARN_DIRECT_OBJC_ISA_USAGE = YES_ERROR;
				CLANG_WARN_DOCUMENTATION_COMMENTS = YES;
				CLANG_WARN_EMPTY_BODY = YES;
				CLANG_WARN_ENUM_CONVERSION = YES;
				CLANG_WARN_INFINITE_RECURSION = YES;
				CLANG_WARN_INT_CONVERSION = YES;
				CLANG_WARN_NON_LITERAL_NULL_CONVERSION = YES;
				CLANG_WARN_OBJC_LITERAL_CONVERSION = YES;
				CLANG_WARN_OBJC_ROOT_CLASS = YES_ERROR;
				CLANG_WARN_RANGE_LOOP_ANALYSIS = YES;
				CLANG_WARN_STRICT_PROTOTYPES = YES;
				CLANG_WARN_SUSPICIOUS_MOVE = YES;
				CLANG_WARN_UNGUARDED_AVAILABILITY = YES_AGGRESSIVE;
				CLANG_WARN_UNREACHABLE_CODE = YES;
				CLANG_WARN__DUPLICATE_METHOD_MATCH = YES;
				CODE_SIGN_IDENTITY = "iPhone Developer";
				COPY_PHASE_STRIP = NO;
				DEBUG_INFORMATION_FORMAT = "dwarf-with-dsym";
				ENABLE_NS_ASSERTIONS = NO;
				ENABLE_STRICT_OBJC_MSGSEND = YES;
				GCC_C_LANGUAGE_STANDARD = gnu11;
				GCC_NO_COMMON_BLOCKS = YES;
				GCC_WARN_64_TO_32_BIT_CONVERSION = YES;
				GCC_WARN_ABOUT_RETURN_TYPE = YES_ERROR;
				GCC_WARN_UNDECLARED_SELECTOR = YES;
				GCC_WARN_UNINITIALIZED_AUTOS = YES_AGGRESSIVE;
				GCC_WARN_UNUSED_FUNCTION = YES;
				GCC_WARN_UNUSED_VARIABLE = YES;
				IPHONEOS_DEPLOYMENT_TARGET = 11.2;
				MTL_ENABLE_DEBUG_INFO = NO;
				SDKROOT = iphoneos;
				SWIFT_OPTIMIZATION_LEVEL = "-Owholemodule";
				VALIDATE_PRODUCT = YES;
			};
			name = Release;
		};
		3F2F7D46207A9F95007CF2E5 /* Debug */ = {
			isa = XCBuildConfiguration;
			baseConfigurationReference = C483C0475D5BBB327718D914 /* Pods-RIT-Schedule-Maker.debug.xcconfig */;
			buildSettings = {
				ASSETCATALOG_COMPILER_APPICON_NAME = AppIcon;
				CODE_SIGN_STYLE = Automatic;
				DEVELOPMENT_TEAM = 3WF3YT92KW;
				INFOPLIST_FILE = "RIT-Schedule-Maker/Info.plist";
				LD_RUNPATH_SEARCH_PATHS = "$(inherited) @executable_path/Frameworks";
				PRODUCT_BUNDLE_IDENTIFIER = "rit.RIT-Schedule-Maker";
				PRODUCT_NAME = "$(TARGET_NAME)";
				SWIFT_VERSION = 4.0;
				TARGETED_DEVICE_FAMILY = "1,2";
			};
			name = Debug;
		};
		3F2F7D47207A9F95007CF2E5 /* Release */ = {
			isa = XCBuildConfiguration;
			baseConfigurationReference = 2B173F39F43AC90363F6883A /* Pods-RIT-Schedule-Maker.release.xcconfig */;
			buildSettings = {
				ASSETCATALOG_COMPILER_APPICON_NAME = AppIcon;
				CODE_SIGN_STYLE = Automatic;
				DEVELOPMENT_TEAM = 3WF3YT92KW;
				INFOPLIST_FILE = "RIT-Schedule-Maker/Info.plist";
				LD_RUNPATH_SEARCH_PATHS = "$(inherited) @executable_path/Frameworks";
				PRODUCT_BUNDLE_IDENTIFIER = "rit.RIT-Schedule-Maker";
				PRODUCT_NAME = "$(TARGET_NAME)";
				SWIFT_VERSION = 4.0;
				TARGETED_DEVICE_FAMILY = "1,2";
			};
			name = Release;
		};
		3F2F7D49207A9F95007CF2E5 /* Debug */ = {
			isa = XCBuildConfiguration;
			baseConfigurationReference = 788B09CCAC4EB72C95FE28E9 /* Pods-RIT-Schedule-MakerTests.debug.xcconfig */;
			buildSettings = {
				ALWAYS_EMBED_SWIFT_STANDARD_LIBRARIES = YES;
				BUNDLE_LOADER = "$(TEST_HOST)";
				CODE_SIGN_STYLE = Automatic;
				INFOPLIST_FILE = "RIT-Schedule-MakerTests/Info.plist";
				LD_RUNPATH_SEARCH_PATHS = "$(inherited) @executable_path/Frameworks @loader_path/Frameworks";
				PRODUCT_BUNDLE_IDENTIFIER = "rit.RIT-Schedule-MakerTests";
				PRODUCT_NAME = "$(TARGET_NAME)";
				SWIFT_VERSION = 4.0;
				TARGETED_DEVICE_FAMILY = "1,2";
				TEST_HOST = "$(BUILT_PRODUCTS_DIR)/RIT-Schedule-Maker.app/RIT-Schedule-Maker";
			};
			name = Debug;
		};
		3F2F7D4A207A9F95007CF2E5 /* Release */ = {
			isa = XCBuildConfiguration;
			baseConfigurationReference = 4350F6B20721B03B35865844 /* Pods-RIT-Schedule-MakerTests.release.xcconfig */;
			buildSettings = {
				ALWAYS_EMBED_SWIFT_STANDARD_LIBRARIES = YES;
				BUNDLE_LOADER = "$(TEST_HOST)";
				CODE_SIGN_STYLE = Automatic;
				INFOPLIST_FILE = "RIT-Schedule-MakerTests/Info.plist";
				LD_RUNPATH_SEARCH_PATHS = "$(inherited) @executable_path/Frameworks @loader_path/Frameworks";
				PRODUCT_BUNDLE_IDENTIFIER = "rit.RIT-Schedule-MakerTests";
				PRODUCT_NAME = "$(TARGET_NAME)";
				SWIFT_VERSION = 4.0;
				TARGETED_DEVICE_FAMILY = "1,2";
				TEST_HOST = "$(BUILT_PRODUCTS_DIR)/RIT-Schedule-Maker.app/RIT-Schedule-Maker";
			};
			name = Release;
		};
		3F2F7D4C207A9F95007CF2E5 /* Debug */ = {
			isa = XCBuildConfiguration;
			baseConfigurationReference = 35CD6E9D15DAD14D57C7FAD4 /* Pods-RIT-Schedule-MakerUITests.debug.xcconfig */;
			buildSettings = {
				ALWAYS_EMBED_SWIFT_STANDARD_LIBRARIES = YES;
				CODE_SIGN_STYLE = Automatic;
				INFOPLIST_FILE = "RIT-Schedule-MakerUITests/Info.plist";
				LD_RUNPATH_SEARCH_PATHS = "$(inherited) @executable_path/Frameworks @loader_path/Frameworks";
				PRODUCT_BUNDLE_IDENTIFIER = "rit.RIT-Schedule-MakerUITests";
				PRODUCT_NAME = "$(TARGET_NAME)";
				SWIFT_VERSION = 4.0;
				TARGETED_DEVICE_FAMILY = "1,2";
				TEST_TARGET_NAME = "RIT-Schedule-Maker";
			};
			name = Debug;
		};
		3F2F7D4D207A9F95007CF2E5 /* Release */ = {
			isa = XCBuildConfiguration;
			baseConfigurationReference = 8A7FB4006B946450DBCB0EED /* Pods-RIT-Schedule-MakerUITests.release.xcconfig */;
			buildSettings = {
				ALWAYS_EMBED_SWIFT_STANDARD_LIBRARIES = YES;
				CODE_SIGN_STYLE = Automatic;
				INFOPLIST_FILE = "RIT-Schedule-MakerUITests/Info.plist";
				LD_RUNPATH_SEARCH_PATHS = "$(inherited) @executable_path/Frameworks @loader_path/Frameworks";
				PRODUCT_BUNDLE_IDENTIFIER = "rit.RIT-Schedule-MakerUITests";
				PRODUCT_NAME = "$(TARGET_NAME)";
				SWIFT_VERSION = 4.0;
				TARGETED_DEVICE_FAMILY = "1,2";
				TEST_TARGET_NAME = "RIT-Schedule-Maker";
			};
			name = Release;
		};
/* End XCBuildConfiguration section */

/* Begin XCConfigurationList section */
		3F2F7D18207A9F95007CF2E5 /* Build configuration list for PBXProject "RIT-Schedule-Maker" */ = {
			isa = XCConfigurationList;
			buildConfigurations = (
				3F2F7D43207A9F95007CF2E5 /* Debug */,
				3F2F7D44207A9F95007CF2E5 /* Release */,
			);
			defaultConfigurationIsVisible = 0;
			defaultConfigurationName = Release;
		};
		3F2F7D45207A9F95007CF2E5 /* Build configuration list for PBXNativeTarget "RIT-Schedule-Maker" */ = {
			isa = XCConfigurationList;
			buildConfigurations = (
				3F2F7D46207A9F95007CF2E5 /* Debug */,
				3F2F7D47207A9F95007CF2E5 /* Release */,
			);
			defaultConfigurationIsVisible = 0;
			defaultConfigurationName = Release;
		};
		3F2F7D48207A9F95007CF2E5 /* Build configuration list for PBXNativeTarget "RIT-Schedule-MakerTests" */ = {
			isa = XCConfigurationList;
			buildConfigurations = (
				3F2F7D49207A9F95007CF2E5 /* Debug */,
				3F2F7D4A207A9F95007CF2E5 /* Release */,
			);
			defaultConfigurationIsVisible = 0;
			defaultConfigurationName = Release;
		};
		3F2F7D4B207A9F95007CF2E5 /* Build configuration list for PBXNativeTarget "RIT-Schedule-MakerUITests" */ = {
			isa = XCConfigurationList;
			buildConfigurations = (
				3F2F7D4C207A9F95007CF2E5 /* Debug */,
				3F2F7D4D207A9F95007CF2E5 /* Release */,
			);
			defaultConfigurationIsVisible = 0;
			defaultConfigurationName = Release;
		};
/* End XCConfigurationList section */
	};
	rootObject = 3F2F7D15207A9F95007CF2E5 /* Project object */;
}
